// !$*UTF8*$!
{
	archiveVersion = 1;
	classes = {
	};
	objectVersion = 56;
	objects = {

/* Begin PBXBuildFile section */
		F3AE8E7E2ABD8D6F0099A7F7 /* HWSwiftUIApp.swift in Sources */ = {isa = PBXBuildFile; fileRef = F3AE8E7D2ABD8D6F0099A7F7 /* HWSwiftUIApp.swift */; };
		F3AE8E802ABD8D6F0099A7F7 /* LoginView.swift in Sources */ = {isa = PBXBuildFile; fileRef = F3AE8E7F2ABD8D6F0099A7F7 /* LoginView.swift */; };
		F3AE8E822ABD8D760099A7F7 /* Assets.xcassets in Resources */ = {isa = PBXBuildFile; fileRef = F3AE8E812ABD8D760099A7F7 /* Assets.xcassets */; };
		F3AE8E852ABD8D760099A7F7 /* Preview Assets.xcassets in Resources */ = {isa = PBXBuildFile; fileRef = F3AE8E842ABD8D760099A7F7 /* Preview Assets.xcassets */; };
		F3AE8E8C2ABD961E0099A7F7 /* TextFielder.swift in Sources */ = {isa = PBXBuildFile; fileRef = F3AE8E8B2ABD961E0099A7F7 /* TextFielder.swift */; };
		F3AE8E8E2ABDA1090099A7F7 /* TabBarItems.swift in Sources */ = {isa = PBXBuildFile; fileRef = F3AE8E8D2ABDA1090099A7F7 /* TabBarItems.swift */; };
		F3AE8E902ABDA1FE0099A7F7 /* ProfileView.swift in Sources */ = {isa = PBXBuildFile; fileRef = F3AE8E8F2ABDA1FE0099A7F7 /* ProfileView.swift */; };
		F3AE8E922ABDA3FB0099A7F7 /* FeedView.swift in Sources */ = {isa = PBXBuildFile; fileRef = F3AE8E912ABDA3FB0099A7F7 /* FeedView.swift */; };
		F3AE8E942ABDA4350099A7F7 /* PlayerView.swift in Sources */ = {isa = PBXBuildFile; fileRef = F3AE8E932ABDA4350099A7F7 /* PlayerView.swift */; };
		F3AE8E962ABDA4E30099A7F7 /* VideoView.swift in Sources */ = {isa = PBXBuildFile; fileRef = F3AE8E952ABDA4E30099A7F7 /* VideoView.swift */; };
		F3AE8E992ABDA89D0099A7F7 /* Post.swift in Sources */ = {isa = PBXBuildFile; fileRef = F3AE8E982ABDA89D0099A7F7 /* Post.swift */; };
		F3AE8E9B2ABDA8F00099A7F7 /* InfoDetailsView.swift in Sources */ = {isa = PBXBuildFile; fileRef = F3AE8E9A2ABDA8F00099A7F7 /* InfoDetailsView.swift */; };
		F3AE8E9D2ABDA91F0099A7F7 /* InfoRowView.swift in Sources */ = {isa = PBXBuildFile; fileRef = F3AE8E9C2ABDA91F0099A7F7 /* InfoRowView.swift */; };
/* End PBXBuildFile section */

/* Begin PBXFileReference section */
		F3AE8E7A2ABD8D6F0099A7F7 /* HWSwiftUI.app */ = {isa = PBXFileReference; explicitFileType = wrapper.application; includeInIndex = 0; path = HWSwiftUI.app; sourceTree = BUILT_PRODUCTS_DIR; };
		F3AE8E7D2ABD8D6F0099A7F7 /* HWSwiftUIApp.swift */ = {isa = PBXFileReference; lastKnownFileType = sourcecode.swift; path = HWSwiftUIApp.swift; sourceTree = "<group>"; };
		F3AE8E7F2ABD8D6F0099A7F7 /* LoginView.swift */ = {isa = PBXFileReference; lastKnownFileType = sourcecode.swift; path = LoginView.swift; sourceTree = "<group>"; };
		F3AE8E812ABD8D760099A7F7 /* Assets.xcassets */ = {isa = PBXFileReference; lastKnownFileType = folder.assetcatalog; path = Assets.xcassets; sourceTree = "<group>"; };
		F3AE8E842ABD8D760099A7F7 /* Preview Assets.xcassets */ = {isa = PBXFileReference; lastKnownFileType = folder.assetcatalog; path = "Preview Assets.xcassets"; sourceTree = "<group>"; };
		F3AE8E8B2ABD961E0099A7F7 /* TextFielder.swift */ = {isa = PBXFileReference; lastKnownFileType = sourcecode.swift; path = TextFielder.swift; sourceTree = "<group>"; };
		F3AE8E8D2ABDA1090099A7F7 /* TabBarItems.swift */ = {isa = PBXFileReference; lastKnownFileType = sourcecode.swift; path = TabBarItems.swift; sourceTree = "<group>"; };
		F3AE8E8F2ABDA1FE0099A7F7 /* ProfileView.swift */ = {isa = PBXFileReference; lastKnownFileType = sourcecode.swift; path = ProfileView.swift; sourceTree = "<group>"; };
		F3AE8E912ABDA3FB0099A7F7 /* FeedView.swift */ = {isa = PBXFileReference; lastKnownFileType = sourcecode.swift; path = FeedView.swift; sourceTree = "<group>"; };
		F3AE8E932ABDA4350099A7F7 /* PlayerView.swift */ = {isa = PBXFileReference; lastKnownFileType = sourcecode.swift; path = PlayerView.swift; sourceTree = "<group>"; };
		F3AE8E952ABDA4E30099A7F7 /* VideoView.swift */ = {isa = PBXFileReference; lastKnownFileType = sourcecode.swift; path = VideoView.swift; sourceTree = "<group>"; };
		F3AE8E982ABDA89D0099A7F7 /* Post.swift */ = {isa = PBXFileReference; lastKnownFileType = sourcecode.swift; path = Post.swift; sourceTree = "<group>"; };
		F3AE8E9A2ABDA8F00099A7F7 /* InfoDetailsView.swift */ = {isa = PBXFileReference; lastKnownFileType = sourcecode.swift; path = InfoDetailsView.swift; sourceTree = "<group>"; };
		F3AE8E9C2ABDA91F0099A7F7 /* InfoRowView.swift */ = {isa = PBXFileReference; lastKnownFileType = sourcecode.swift; path = InfoRowView.swift; sourceTree = "<group>"; };
/* End PBXFileReference section */

/* Begin PBXFrameworksBuildPhase section */
		F3AE8E772ABD8D6F0099A7F7 /* Frameworks */ = {
			isa = PBXFrameworksBuildPhase;
			buildActionMask = 2147483647;
			files = (
			);
			runOnlyForDeploymentPostprocessing = 0;
		};
/* End PBXFrameworksBuildPhase section */

/* Begin PBXGroup section */
		F3AE8E712ABD8D6F0099A7F7 = {
			isa = PBXGroup;
			children = (
				F3AE8E7C2ABD8D6F0099A7F7 /* HWSwiftUI */,
				F3AE8E7B2ABD8D6F0099A7F7 /* Products */,
			);
			sourceTree = "<group>";
		};
		F3AE8E7B2ABD8D6F0099A7F7 /* Products */ = {
			isa = PBXGroup;
			children = (
				F3AE8E7A2ABD8D6F0099A7F7 /* HWSwiftUI.app */,
			);
			name = Products;
			sourceTree = "<group>";
		};
		F3AE8E7C2ABD8D6F0099A7F7 /* HWSwiftUI */ = {
			isa = PBXGroup;
			children = (
				F3AE8E7D2ABD8D6F0099A7F7 /* HWSwiftUIApp.swift */,
				F3AE8E7F2ABD8D6F0099A7F7 /* LoginView.swift */,
				F3AE8E8B2ABD961E0099A7F7 /* TextFielder.swift */,
				F3AE8E8D2ABDA1090099A7F7 /* TabBarItems.swift */,
				F3AE8E8F2ABDA1FE0099A7F7 /* ProfileView.swift */,
				F3AE8E912ABDA3FB0099A7F7 /* FeedView.swift */,
				F3AE8E932ABDA4350099A7F7 /* PlayerView.swift */,
				F3AE8E952ABDA4E30099A7F7 /* VideoView.swift */,
				F3AE8E9A2ABDA8F00099A7F7 /* InfoDetailsView.swift */,
				F3AE8E9C2ABDA91F0099A7F7 /* InfoRowView.swift */,
				F3AE8E972ABDA88B0099A7F7 /* Model */,
				F3AE8E812ABD8D760099A7F7 /* Assets.xcassets */,
				F3AE8E832ABD8D760099A7F7 /* Preview Content */,
			);
			path = HWSwiftUI;
			sourceTree = "<group>";
		};
		F3AE8E832ABD8D760099A7F7 /* Preview Content */ = {
			isa = PBXGroup;
			children = (
				F3AE8E842ABD8D760099A7F7 /* Preview Assets.xcassets */,
			);
			path = "Preview Content";
			sourceTree = "<group>";
		};
		F3AE8E972ABDA88B0099A7F7 /* Model */ = {
			isa = PBXGroup;
			children = (
				F3AE8E982ABDA89D0099A7F7 /* Post.swift */,
			);
			path = Model;
			sourceTree = "<group>";
		};
/* End PBXGroup section */

/* Begin PBXNativeTarget section */
		F3AE8E792ABD8D6F0099A7F7 /* HWSwiftUI */ = {
			isa = PBXNativeTarget;
			buildConfigurationList = F3AE8E882ABD8D760099A7F7 /* Build configuration list for PBXNativeTarget "HWSwiftUI" */;
			buildPhases = (
				F3AE8E762ABD8D6F0099A7F7 /* Sources */,
				F3AE8E772ABD8D6F0099A7F7 /* Frameworks */,
				F3AE8E782ABD8D6F0099A7F7 /* Resources */,
			);
			buildRules = (
			);
			dependencies = (
			);
			name = HWSwiftUI;
			productName = HWSwiftUI;
			productReference = F3AE8E7A2ABD8D6F0099A7F7 /* HWSwiftUI.app */;
			productType = "com.apple.product-type.application";
		};
/* End PBXNativeTarget section */

/* Begin PBXProject section */
		F3AE8E722ABD8D6F0099A7F7 /* Project object */ = {
			isa = PBXProject;
			attributes = {
				BuildIndependentTargetsInParallel = 1;
				LastSwiftUpdateCheck = 1430;
				LastUpgradeCheck = 1430;
				TargetAttributes = {
					F3AE8E792ABD8D6F0099A7F7 = {
						CreatedOnToolsVersion = 14.3;
					};
				};
			};
			buildConfigurationList = F3AE8E752ABD8D6F0099A7F7 /* Build configuration list for PBXProject "HWSwiftUI" */;
			compatibilityVersion = "Xcode 14.0";
			developmentRegion = en;
			hasScannedForEncodings = 0;
			knownRegions = (
				en,
				Base,
			);
			mainGroup = F3AE8E712ABD8D6F0099A7F7;
			productRefGroup = F3AE8E7B2ABD8D6F0099A7F7 /* Products */;
			projectDirPath = "";
			projectRoot = "";
			targets = (
				F3AE8E792ABD8D6F0099A7F7 /* HWSwiftUI */,
			);
		};
/* End PBXProject section */

/* Begin PBXResourcesBuildPhase section */
		F3AE8E782ABD8D6F0099A7F7 /* Resources */ = {
			isa = PBXResourcesBuildPhase;
			buildActionMask = 2147483647;
			files = (
				F3AE8E852ABD8D760099A7F7 /* Preview Assets.xcassets in Resources */,
				F3AE8E822ABD8D760099A7F7 /* Assets.xcassets in Resources */,
			);
			runOnlyForDeploymentPostprocessing = 0;
		};
/* End PBXResourcesBuildPhase section */

/* Begin PBXSourcesBuildPhase section */
		F3AE8E762ABD8D6F0099A7F7 /* Sources */ = {
			isa = PBXSourcesBuildPhase;
			buildActionMask = 2147483647;
			files = (
				F3AE8E8C2ABD961E0099A7F7 /* TextFielder.swift in Sources */,
				F3AE8E802ABD8D6F0099A7F7 /* LoginView.swift in Sources */,
				F3AE8E942ABDA4350099A7F7 /* PlayerView.swift in Sources */,
				F3AE8E902ABDA1FE0099A7F7 /* ProfileView.swift in Sources */,
				F3AE8E962ABDA4E30099A7F7 /* VideoView.swift in Sources */,
				F3AE8E9B2ABDA8F00099A7F7 /* InfoDetailsView.swift in Sources */,
				F3AE8E7E2ABD8D6F0099A7F7 /* HWSwiftUIApp.swift in Sources */,
				F3AE8E992ABDA89D0099A7F7 /* Post.swift in Sources */,
				F3AE8E922ABDA3FB0099A7F7 /* FeedView.swift in Sources */,
				F3AE8E8E2ABDA1090099A7F7 /* TabBarItems.swift in Sources */,
				F3AE8E9D2ABDA91F0099A7F7 /* InfoRowView.swift in Sources */,
			);
			runOnlyForDeploymentPostprocessing = 0;
		};
/* End PBXSourcesBuildPhase section */

/* Begin XCBuildConfiguration section */
		F3AE8E862ABD8D760099A7F7 /* Debug */ = {
			isa = XCBuildConfiguration;
			buildSettings = {
				ALWAYS_SEARCH_USER_PATHS = NO;
				CLANG_ANALYZER_NONNULL = YES;
				CLANG_ANALYZER_NUMBER_OBJECT_CONVERSION = YES_AGGRESSIVE;
				CLANG_CXX_LANGUAGE_STANDARD = "gnu++20";
				CLANG_ENABLE_MODULES = YES;
				CLANG_ENABLE_OBJC_ARC = YES;
				CLANG_ENABLE_OBJC_WEAK = YES;
				CLANG_WARN_BLOCK_CAPTURE_AUTORELEASING = YES;
				CLANG_WARN_BOOL_CONVERSION = YES;
				CLANG_WARN_COMMA = YES;
				CLANG_WARN_CONSTANT_CONVERSION = YES;
				CLANG_WARN_DEPRECATED_OBJC_IMPLEMENTATIONS = YES;
				CLANG_WARN_DIRECT_OBJC_ISA_USAGE = YES_ERROR;
				CLANG_WARN_DOCUMENTATION_COMMENTS = YES;
				CLANG_WARN_EMPTY_BODY = YES;
				CLANG_WARN_ENUM_CONVERSION = YES;
				CLANG_WARN_INFINITE_RECURSION = YES;
				CLANG_WARN_INT_CONVERSION = YES;
				CLANG_WARN_NON_LITERAL_NULL_CONVERSION = YES;
				CLANG_WARN_OBJC_IMPLICIT_RETAIN_SELF = YES;
				CLANG_WARN_OBJC_LITERAL_CONVERSION = YES;
				CLANG_WARN_OBJC_ROOT_CLASS = YES_ERROR;
				CLANG_WARN_QUOTED_INCLUDE_IN_FRAMEWORK_HEADER = YES;
				CLANG_WARN_RANGE_LOOP_ANALYSIS = YES;
				CLANG_WARN_STRICT_PROTOTYPES = YES;
				CLANG_WARN_SUSPICIOUS_MOVE = YES;
				CLANG_WARN_UNGUARDED_AVAILABILITY = YES_AGGRESSIVE;
				CLANG_WARN_UNREACHABLE_CODE = YES;
				CLANG_WARN__DUPLICATE_METHOD_MATCH = YES;
				COPY_PHASE_STRIP = NO;
				DEBUG_INFORMATION_FORMAT = dwarf;
				ENABLE_STRICT_OBJC_MSGSEND = YES;
				ENABLE_TESTABILITY = YES;
				GCC_C_LANGUAGE_STANDARD = gnu11;
				GCC_DYNAMIC_NO_PIC = NO;
				GCC_NO_COMMON_BLOCKS = YES;
				GCC_OPTIMIZATION_LEVEL = 0;
				GCC_PREPROCESSOR_DEFINITIONS = (
					"DEBUG=1",
					"$(inherited)",
				);
				GCC_WARN_64_TO_32_BIT_CONVERSION = YES;
				GCC_WARN_ABOUT_RETURN_TYPE = YES_ERROR;
				GCC_WARN_UNDECLARED_SELECTOR = YES;
				GCC_WARN_UNINITIALIZED_AUTOS = YES_AGGRESSIVE;
				GCC_WARN_UNUSED_FUNCTION = YES;
				GCC_WARN_UNUSED_VARIABLE = YES;
				IPHONEOS_DEPLOYMENT_TARGET = 16.4;
				MTL_ENABLE_DEBUG_INFO = INCLUDE_SOURCE;
				MTL_FAST_MATH = YES;
				ONLY_ACTIVE_ARCH = YES;
				SDKROOT = iphoneos;
				SWIFT_ACTIVE_COMPILATION_CONDITIONS = DEBUG;
				SWIFT_OPTIMIZATION_LEVEL = "-Onone";
			};
			name = Debug;
		};
		F3AE8E872ABD8D760099A7F7 /* Release */ = {
			isa = XCBuildConfiguration;
			buildSettings = {
				ALWAYS_SEARCH_USER_PATHS = NO;
				CLANG_ANALYZER_NONNULL = YES;
				CLANG_ANALYZER_NUMBER_OBJECT_CONVERSION = YES_AGGRESSIVE;
				CLANG_CXX_LANGUAGE_STANDARD = "gnu++20";
				CLANG_ENABLE_MODULES = YES;
				CLANG_ENABLE_OBJC_ARC = YES;
				CLANG_ENABLE_OBJC_WEAK = YES;
				CLANG_WARN_BLOCK_CAPTURE_AUTORELEASING = YES;
				CLANG_WARN_BOOL_CONVERSION = YES;
				CLANG_WARN_COMMA = YES;
				CLANG_WARN_CONSTANT_CONVERSION = YES;
				CLANG_WARN_DEPRECATED_OBJC_IMPLEMENTATIONS = YES;
				CLANG_WARN_DIRECT_OBJC_ISA_USAGE = YES_ERROR;
				CLANG_WARN_DOCUMENTATION_COMMENTS = YES;
				CLANG_WARN_EMPTY_BODY = YES;
				CLANG_WARN_ENUM_CONVERSION = YES;
				CLANG_WARN_INFINITE_RECURSION = YES;
				CLANG_WARN_INT_CONVERSION = YES;
				CLANG_WARN_NON_LITERAL_NULL_CONVERSION = YES;
				CLANG_WARN_OBJC_IMPLICIT_RETAIN_SELF = YES;
				CLANG_WARN_OBJC_LITERAL_CONVERSION = YES;
				CLANG_WARN_OBJC_ROOT_CLASS = YES_ERROR;
				CLANG_WARN_QUOTED_INCLUDE_IN_FRAMEWORK_HEADER = YES;
				CLANG_WARN_RANGE_LOOP_ANALYSIS = YES;
				CLANG_WARN_STRICT_PROTOTYPES = YES;
				CLANG_WARN_SUSPICIOUS_MOVE = YES;
				CLANG_WARN_UNGUARDED_AVAILABILITY = YES_AGGRESSIVE;
				CLANG_WARN_UNREACHABLE_CODE = YES;
				CLANG_WARN__DUPLICATE_METHOD_MATCH = YES;
				COPY_PHASE_STRIP = NO;
				DEBUG_INFORMATION_FORMAT = "dwarf-with-dsym";
				ENABLE_NS_ASSERTIONS = NO;
				ENABLE_STRICT_OBJC_MSGSEND = YES;
				GCC_C_LANGUAGE_STANDARD = gnu11;
				GCC_NO_COMMON_BLOCKS = YES;
				GCC_WARN_64_TO_32_BIT_CONVERSION = YES;
				GCC_WARN_ABOUT_RETURN_TYPE = YES_ERROR;
				GCC_WARN_UNDECLARED_SELECTOR = YES;
				GCC_WARN_UNINITIALIZED_AUTOS = YES_AGGRESSIVE;
				GCC_WARN_UNUSED_FUNCTION = YES;
				GCC_WARN_UNUSED_VARIABLE = YES;
				IPHONEOS_DEPLOYMENT_TARGET = 16.4;
				MTL_ENABLE_DEBUG_INFO = NO;
				MTL_FAST_MATH = YES;
				SDKROOT = iphoneos;
				SWIFT_COMPILATION_MODE = wholemodule;
				SWIFT_OPTIMIZATION_LEVEL = "-O";
				VALIDATE_PRODUCT = YES;
			};
			name = Release;
		};
		F3AE8E892ABD8D760099A7F7 /* Debug */ = {
			isa = XCBuildConfiguration;
			buildSettings = {
				ASSETCATALOG_COMPILER_APPICON_NAME = AppIcon;
				ASSETCATALOG_COMPILER_GLOBAL_ACCENT_COLOR_NAME = AccentColor;
				CODE_SIGN_STYLE = Automatic;
				CURRENT_PROJECT_VERSION = 1;
				DEVELOPMENT_ASSET_PATHS = "\"HWSwiftUI/Preview Content\"";
				DEVELOPMENT_TEAM = 332MXW7JWG;
				ENABLE_PREVIEWS = YES;
				GENERATE_INFOPLIST_FILE = YES;
				INFOPLIST_KEY_UIApplicationSceneManifest_Generation = YES;
				INFOPLIST_KEY_UIApplicationSupportsIndirectInputEvents = YES;
				INFOPLIST_KEY_UILaunchScreen_Generation = YES;
				INFOPLIST_KEY_UISupportedInterfaceOrientations_iPad = "UIInterfaceOrientationPortrait UIInterfaceOrientationPortraitUpsideDown UIInterfaceOrientationLandscapeLeft UIInterfaceOrientationLandscapeRight";
				INFOPLIST_KEY_UISupportedInterfaceOrientations_iPhone = "UIInterfaceOrientationPortrait UIInterfaceOrientationLandscapeLeft UIInterfaceOrientationLandscapeRight";
				LD_RUNPATH_SEARCH_PATHS = (
					"$(inherited)",
					"@executable_path/Frameworks",
				);
				MARKETING_VERSION = 1.0;
				PRODUCT_BUNDLE_IDENTIFIER = EZ.HWSwiftUI;
				PRODUCT_NAME = "$(TARGET_NAME)";
				SWIFT_EMIT_LOC_STRINGS = YES;
				SWIFT_VERSION = 5.0;
				TARGETED_DEVICE_FAMILY = "1,2";
			};
			name = Debug;
		};
		F3AE8E8A2ABD8D760099A7F7 /* Release */ = {
			isa = XCBuildConfiguration;
			buildSettings = {
				ASSETCATALOG_COMPILER_APPICON_NAME = AppIcon;
				ASSETCATALOG_COMPILER_GLOBAL_ACCENT_COLOR_NAME = AccentColor;
				CODE_SIGN_STYLE = Automatic;
				CURRENT_PROJECT_VERSION = 1;
				DEVELOPMENT_ASSET_PATHS = "\"HWSwiftUI/Preview Content\"";
				DEVELOPMENT_TEAM = 332MXW7JWG;
				ENABLE_PREVIEWS = YES;
				GENERATE_INFOPLIST_FILE = YES;
				INFOPLIST_KEY_UIApplicationSceneManifest_Generation = YES;
				INFOPLIST_KEY_UIApplicationSupportsIndirectInputEvents = YES;
				INFOPLIST_KEY_UILaunchScreen_Generation = YES;
				INFOPLIST_KEY_UISupportedInterfaceOrientations_iPad = "UIInterfaceOrientationPortrait UIInterfaceOrientationPortraitUpsideDown UIInterfaceOrientationLandscapeLeft UIInterfaceOrientationLandscapeRight";
				INFOPLIST_KEY_UISupportedInterfaceOrientations_iPhone = "UIInterfaceOrientationPortrait UIInterfaceOrientationLandscapeLeft UIInterfaceOrientationLandscapeRight";
				LD_RUNPATH_SEARCH_PATHS = (
					"$(inherited)",
					"@executable_path/Frameworks",
				);
				MARKETING_VERSION = 1.0;
				PRODUCT_BUNDLE_IDENTIFIER = EZ.HWSwiftUI;
				PRODUCT_NAME = "$(TARGET_NAME)";
				SWIFT_EMIT_LOC_STRINGS = YES;
				SWIFT_VERSION = 5.0;
				TARGETED_DEVICE_FAMILY = "1,2";
			};
			name = Release;
		};
/* End XCBuildConfiguration section */

/* Begin XCConfigurationList section */
		F3AE8E752ABD8D6F0099A7F7 /* Build configuration list for PBXProject "HWSwiftUI" */ = {
			isa = XCConfigurationList;
			buildConfigurations = (
				F3AE8E862ABD8D760099A7F7 /* Debug */,
				F3AE8E872ABD8D760099A7F7 /* Release */,
			);
			defaultConfigurationIsVisible = 0;
			defaultConfigurationName = Release;
		};
		F3AE8E882ABD8D760099A7F7 /* Build configuration list for PBXNativeTarget "HWSwiftUI" */ = {
			isa = XCConfigurationList;
			buildConfigurations = (
				F3AE8E892ABD8D760099A7F7 /* Debug */,
				F3AE8E8A2ABD8D760099A7F7 /* Release */,
			);
			defaultConfigurationIsVisible = 0;
			defaultConfigurationName = Release;
		};
/* End XCConfigurationList section */
	};
	rootObject = F3AE8E722ABD8D6F0099A7F7 /* Project object */;
}
